
Microsoft Visual Studio Solution File, Format Version 11.00
# Visual Studio 2010
Project("{FAE04EC0-301F-11D3-BF4B-00C04F79EFBC}") = "Bingosoft.Metro.WebApp", "Bingosoft.Metro.WebApp\Bingosoft.Metro.WebApp.csproj", "{9A3D4F04-1FBC-40AE-87DD-DD242F145D74}"
EndProject
Project("{FAE04EC0-301F-11D3-BF4B-00C04F79EFBC}") = "Bingosoft.Metro.Controls", "Bingosoft.Metro.Controls\Bingosoft.Metro.Controls.csproj", "{D520D53C-4F00-47D1-BCEB-E34A4C4144F3}"
EndProject
Project("{FAE04EC0-301F-11D3-BF4B-00C04F79EFBC}") = "Bingosoft.Metro", "Bingosoft.Metro\Bingosoft.Metro.csproj", "{FBE7BAE4-1BF0-48F0-840E-35E3841FDB85}"
EndProject
Project("{FAE04EC0-301F-11D3-BF4B-00C04F79EFBC}") = "Bingosoft.Metro.MvcApp", "Bingosoft.Metro.Mvc\Bingosoft.Metro.MvcApp\Bingosoft.Metro.MvcApp.csproj", "{77187AAE-B09D-4B79-A741-62B448A4BA72}"
EndProject
Project("{FAE04EC0-301F-11D3-BF4B-00C04F79EFBC}") = "Bingosoft.Metro.Utility", "Bingosoft.Metro.Utils\Bingosoft.Metro.Utility.csproj", "{68C0EC8C-CE8C-4E36-9F1D-556E0A8C4300}"
EndProject
Project("{FAE04EC0-301F-11D3-BF4B-00C04F79EFBC}") = "SecurityTool", "SecurityTool\SecurityTool.csproj", "{12936F82-5E31-42B6-922E-276BE6B9FBD8}"
EndProject
Project("{2150E333-8FDC-42A3-9474-1A3956D46DE8}") = "Modules", "Modules", "{213A6D01-6E87-4BD9-9714-15D9E36196EA}"
EndProject
Project("{2150E333-8FDC-42A3-9474-1A3956D46DE8}") = "Component", "Component", "{907B0885-8877-4597-8314-EB27F0C6BF38}"
EndProject
Project("{2150E333-8FDC-42A3-9474-1A3956D46DE8}") = "Application", "Application", "{C92B15CF-9D0A-4F89-92D9-729A2CF304DA}"
EndProject
Project("{FAE04EC0-301F-11D3-BF4B-00C04F79EFBC}") = "Bingosoft.Metro.MobileApp", "Bingosoft.Metro.Mobile\Bingosoft.Metro.MobileApp\Bingosoft.Metro.MobileApp.csproj", "{FD3A3D7C-4159-483E-BF13-464CAD115987}"
EndProject
Project("{FAE04EC0-301F-11D3-BF4B-00C04F79EFBC}") = "Bingosoft.Metro.Mobile", "Bingosoft.Metro.Mobile\Bingosoft.Metro.Mobile\Bingosoft.Metro.Mobile.csproj", "{433A5251-66B6-43A5-BDFB-61E8A0992168}"
EndProject
Project("{FAE04EC0-301F-11D3-BF4B-00C04F79EFBC}") = "Bingosoft.Metro.MobileClient", "Bingosoft.Metro.Mobile\Bingosoft.Metro.MobileClient\Bingosoft.Metro.MobileClient.csproj", "{00E9AA05-9155-4919-AC4C-1095D01C688A}"
EndProject
Project("{FAE04EC0-301F-11D3-BF4B-00C04F79EFBC}") = "Tool", "THumbnailTool\Tool.csproj", "{57C8D966-336F-4099-A8C9-C81132BF49AA}"
EndProject
Project("{2150E333-8FDC-42A3-9474-1A3956D46DE8}") = "Services", "Services", "{E1511845-229D-47E6-AD50-A1965763DD18}"
EndProject
Project("{FAE04EC0-301F-11D3-BF4B-00C04F79EFBC}") = "Bingosoft.TimeService", "Bingosoft.Services\Bingosoft.TimeService\Bingosoft.TimeService.csproj", "{35E4E523-FA00-41B3-898C-4463EF4399F7}"
EndProject
Project("{FAE04EC0-301F-11D3-BF4B-00C04F79EFBC}") = "Bingosoft.TimeService.Jobs", "Bingosoft.Services\Bingosoft.TimeService.Jobs\Bingosoft.TimeService.Jobs.csproj", "{0F204B46-4A8E-43FF-B0AB-9A4C91C180F7}"
EndProject
Project("{FAE04EC0-301F-11D3-BF4B-00C04F79EFBC}") = "Log4NetHelper", "Log4NetHelper\Log4NetHelper.csproj", "{97E0C0C0-2E94-4551-B661-FB3775F17233}"
EndProject
Project("{FAE04EC0-301F-11D3-BF4B-00C04F79EFBC}") = "Bingosoft.Metro.ElectronicCommerce", "Bingosoft.Metro.ElectronicCommerce\Bingosoft.Metro.ElectronicCommerce.csproj", "{4F5E1E9B-AA50-418B-8414-3D5FC235EF54}"
EndProject
Project("{FAE04EC0-301F-11D3-BF4B-00C04F79EFBC}") = "suning.api", "suning.api\suning.api.csproj", "{773C489F-D105-4095-B6F9-2D29B2D049DC}"
EndProject
Project("{FAE04EC0-301F-11D3-BF4B-00C04F79EFBC}") = "ConsoleTest", "ConsoleTest\ConsoleTest.csproj", "{80056F27-4283-4DBA-8596-C24154370AB0}"
EndProject
Global
	GlobalSection(TeamFoundationVersionControl) = preSolution
		SccNumberOfProjects = 16
		SccEnterpriseProvider = {4CA58AB2-18FA-4F8D-95D4-32DDF27D184C}
		SccTeamFoundationServer = http://tfs2.bingosoft.net:8080/tfs/defaultcollection
		SccLocalPath0 = .
		SccProjectUniqueName1 = Bingosoft.Metro.Controls\\Bingosoft.Metro.Controls.csproj
		SccProjectTopLevelParentUniqueName1 = Bingosoft.MtrMart.sln
		SccProjectName1 = Bingosoft.Metro.Controls
		SccLocalPath1 = Bingosoft.Metro.Controls
		SccProjectUniqueName2 = Bingosoft.Metro.WebApp\\Bingosoft.Metro.WebApp.csproj
		SccProjectTopLevelParentUniqueName2 = Bingosoft.MtrMart.sln
		SccProjectName2 = Bingosoft.Metro.WebApp
		SccLocalPath2 = Bingosoft.Metro.WebApp
		SccProjectUniqueName3 = Bingosoft.Metro\\Bingosoft.Metro.csproj
		SccProjectTopLevelParentUniqueName3 = Bingosoft.MtrMart.sln
		SccProjectName3 = Bingosoft.Metro
		SccLocalPath3 = Bingosoft.Metro
		SccProjectUniqueName4 = Bingosoft.Metro.Mvc\\Bingosoft.Metro.MvcApp\\Bingosoft.Metro.MvcApp.csproj
		SccProjectTopLevelParentUniqueName4 = Bingosoft.MtrMart.sln
		SccProjectName4 = Bingosoft.Metro.Mvc/Bingosoft.Metro.MvcApp
		SccLocalPath4 = Bingosoft.Metro.Mvc\\Bingosoft.Metro.MvcApp
		SccProjectUniqueName5 = Bingosoft.Metro.Utils\\Bingosoft.Metro.Utility.csproj
		SccProjectTopLevelParentUniqueName5 = Bingosoft.MtrMart.sln
		SccProjectName5 = Bingosoft.Metro.Utils
		SccLocalPath5 = Bingosoft.Metro.Utils
		SccProjectUniqueName6 = SecurityTool\\SecurityTool.csproj
		SccProjectTopLevelParentUniqueName6 = Bingosoft.MtrMart.sln
		SccProjectName6 = SecurityTool
		SccLocalPath6 = SecurityTool
		SccProjectUniqueName7 = Bingosoft.Metro.Mobile\\Bingosoft.Metro.MobileApp\\Bingosoft.Metro.MobileApp.csproj
		SccProjectTopLevelParentUniqueName7 = Bingosoft.MtrMart.sln
		SccProjectName7 = Bingosoft.Metro.Mobile/Bingosoft.Metro.MobileApp
		SccLocalPath7 = Bingosoft.Metro.Mobile\\Bingosoft.Metro.MobileApp
		SccProjectUniqueName8 = Bingosoft.Metro.Mobile\\Bingosoft.Metro.Mobile\\Bingosoft.Metro.Mobile.csproj
		SccProjectTopLevelParentUniqueName8 = Bingosoft.MtrMart.sln
		SccProjectName8 = Bingosoft.Metro.Mobile/Bingosoft.Metro.Mobile
		SccLocalPath8 = Bingosoft.Metro.Mobile\\Bingosoft.Metro.Mobile
		SccProjectUniqueName9 = Bingosoft.Metro.Mobile\\Bingosoft.Metro.MobileClient\\Bingosoft.Metro.MobileClient.csproj
		SccProjectTopLevelParentUniqueName9 = Bingosoft.MtrMart.sln
		SccProjectName9 = Bingosoft.Metro.Mobile/Bingosoft.Metro.MobileClient
		SccLocalPath9 = Bingosoft.Metro.Mobile\\Bingosoft.Metro.MobileClient
		SccProjectUniqueName10 = THumbnailTool\\Tool.csproj
		SccProjectTopLevelParentUniqueName10 = Bingosoft.MtrMart.sln
		SccProjectName10 = THumbnailTool
		SccLocalPath10 = THumbnailTool
		SccProjectUniqueName11 = Bingosoft.Services\\Bingosoft.TimeService\\Bingosoft.TimeService.csproj
		SccProjectTopLevelParentUniqueName11 = Bingosoft.MtrMart.sln
		SccProjectName11 = Bingosoft.Services/Bingosoft.TimeService
		SccLocalPath11 = Bingosoft.Services\\Bingosoft.TimeService
		SccProjectUniqueName12 = Bingosoft.Services\\Bingosoft.TimeService.Jobs\\Bingosoft.TimeService.Jobs.csproj
		SccProjectTopLevelParentUniqueName12 = Bingosoft.MtrMart.sln
		SccProjectName12 = Bingosoft.Services/Bingosoft.TimeService.Jobs
		SccLocalPath12 = Bingosoft.Services\\Bingosoft.TimeService.Jobs
		SccProjectUniqueName13 = Log4NetHelper\\Log4NetHelper.csproj
		SccProjectTopLevelParentUniqueName13 = Bingosoft.MtrMart.sln
		SccProjectName13 = Log4NetHelper
		SccLocalPath13 = Log4NetHelper
		SccProjectUniqueName14 = Bingosoft.Metro.ElectronicCommerce\\Bingosoft.Metro.ElectronicCommerce.csproj
		SccProjectTopLevelParentUniqueName14 = Bingosoft.MtrMart.sln
		SccProjectName14 = Bingosoft.Metro.ElectronicCommerce
		SccLocalPath14 = Bingosoft.Metro.ElectronicCommerce
		SccProjectUniqueName15 = suning.api\\suning.api.csproj
		SccProjectTopLevelParentUniqueName15 = Bingosoft.MtrMart.sln
		SccProjectName15 = suning.api
		SccLocalPath15 = suning.api
	EndGlobalSection
	GlobalSection(SolutionConfigurationPlatforms) = preSolution
		Build|Any CPU = Build|Any CPU
		Build|Mixed Platforms = Build|Mixed Platforms
		Build|x86 = Build|x86
		Debug|Any CPU = Debug|Any CPU
		Debug|Mixed Platforms = Debug|Mixed Platforms
		Debug|x86 = Debug|x86
		Oracle_Debug|Any CPU = Oracle_Debug|Any CPU
		Oracle_Debug|Mixed Platforms = Oracle_Debug|Mixed Platforms
		Oracle_Debug|x86 = Oracle_Debug|x86
		Release|Any CPU = Release|Any CPU
		Release|Mixed Platforms = Release|Mixed Platforms
		Release|x86 = Release|x86
		Tencent|Any CPU = Tencent|Any CPU
		Tencent|Mixed Platforms = Tencent|Mixed Platforms
		Tencent|x86 = Tencent|x86
	EndGlobalSection
	GlobalSection(ProjectConfigurationPlatforms) = postSolution
		{9A3D4F04-1FBC-40AE-87DD-DD242F145D74}.Build|Any CPU.ActiveCfg = Release|Any CPU
		{9A3D4F04-1FBC-40AE-87DD-DD242F145D74}.Build|Any CPU.Build.0 = Release|Any CPU
		{9A3D4F04-1FBC-40AE-87DD-DD242F145D74}.Build|Mixed Platforms.ActiveCfg = Release|Any CPU
		{9A3D4F04-1FBC-40AE-87DD-DD242F145D74}.Build|Mixed Platforms.Build.0 = Release|Any CPU
		{9A3D4F04-1FBC-40AE-87DD-DD242F145D74}.Build|x86.ActiveCfg = Release|Any CPU
		{9A3D4F04-1FBC-40AE-87DD-DD242F145D74}.Debug|Any CPU.ActiveCfg = Debug|Any CPU
		{9A3D4F04-1FBC-40AE-87DD-DD242F145D74}.Debug|Any CPU.Build.0 = Debug|Any CPU
		{9A3D4F04-1FBC-40AE-87DD-DD242F145D74}.Debug|Mixed Platforms.ActiveCfg = Debug|Any CPU
		{9A3D4F04-1FBC-40AE-87DD-DD242F145D74}.Debug|Mixed Platforms.Build.0 = Debug|Any CPU
		{9A3D4F04-1FBC-40AE-87DD-DD242F145D74}.Debug|x86.ActiveCfg = Debug|Any CPU
		{9A3D4F04-1FBC-40AE-87DD-DD242F145D74}.Oracle_Debug|Any CPU.ActiveCfg = Debug|Any CPU
		{9A3D4F04-1FBC-40AE-87DD-DD242F145D74}.Oracle_Debug|Any CPU.Build.0 = Debug|Any CPU
		{9A3D4F04-1FBC-40AE-87DD-DD242F145D74}.Oracle_Debug|Mixed Platforms.ActiveCfg = Debug|Any CPU
		{9A3D4F04-1FBC-40AE-87DD-DD242F145D74}.Oracle_Debug|Mixed Platforms.Build.0 = Debug|Any CPU
		{9A3D4F04-1FBC-40AE-87DD-DD242F145D74}.Oracle_Debug|x86.ActiveCfg = Debug|Any CPU
		{9A3D4F04-1FBC-40AE-87DD-DD242F145D74}.Release|Any CPU.ActiveCfg = Release|Any CPU
		{9A3D4F04-1FBC-40AE-87DD-DD242F145D74}.Release|Any CPU.Build.0 = Release|Any CPU
		{9A3D4F04-1FBC-40AE-87DD-DD242F145D74}.Release|Mixed Platforms.ActiveCfg = Release|Any CPU
		{9A3D4F04-1FBC-40AE-87DD-DD242F145D74}.Release|Mixed Platforms.Build.0 = Release|Any CPU
		{9A3D4F04-1FBC-40AE-87DD-DD242F145D74}.Release|x86.ActiveCfg = Release|Any CPU
		{9A3D4F04-1FBC-40AE-87DD-DD242F145D74}.Tencent|Any CPU.ActiveCfg = Release|Any CPU
		{9A3D4F04-1FBC-40AE-87DD-DD242F145D74}.Tencent|Any CPU.Build.0 = Release|Any CPU
		{9A3D4F04-1FBC-40AE-87DD-DD242F145D74}.Tencent|Mixed Platforms.ActiveCfg = Release|Any CPU
		{9A3D4F04-1FBC-40AE-87DD-DD242F145D74}.Tencent|Mixed Platforms.Build.0 = Release|Any CPU
		{9A3D4F04-1FBC-40AE-87DD-DD242F145D74}.Tencent|x86.ActiveCfg = Release|Any CPU
		{D520D53C-4F00-47D1-BCEB-E34A4C4144F3}.Build|Any CPU.ActiveCfg = Release|Any CPU
		{D520D53C-4F00-47D1-BCEB-E34A4C4144F3}.Build|Any CPU.Build.0 = Release|Any CPU
		{D520D53C-4F00-47D1-BCEB-E34A4C4144F3}.Build|Mixed Platforms.ActiveCfg = Release|Any CPU
		{D520D53C-4F00-47D1-BCEB-E34A4C4144F3}.Build|Mixed Platforms.Build.0 = Release|Any CPU
		{D520D53C-4F00-47D1-BCEB-E34A4C4144F3}.Build|x86.ActiveCfg = Release|Any CPU
		{D520D53C-4F00-47D1-BCEB-E34A4C4144F3}.Debug|Any CPU.ActiveCfg = Debug|Any CPU
		{D520D53C-4F00-47D1-BCEB-E34A4C4144F3}.Debug|Any CPU.Build.0 = Debug|Any CPU
		{D520D53C-4F00-47D1-BCEB-E34A4C4144F3}.Debug|Mixed Platforms.ActiveCfg = Debug|Any CPU
		{D520D53C-4F00-47D1-BCEB-E34A4C4144F3}.Debug|Mixed Platforms.Build.0 = Debug|Any CPU
		{D520D53C-4F00-47D1-BCEB-E34A4C4144F3}.Debug|x86.ActiveCfg = Debug|Any CPU
		{D520D53C-4F00-47D1-BCEB-E34A4C4144F3}.Oracle_Debug|Any CPU.ActiveCfg = Debug|Any CPU
		{D520D53C-4F00-47D1-BCEB-E34A4C4144F3}.Oracle_Debug|Any CPU.Build.0 = Debug|Any CPU
		{D520D53C-4F00-47D1-BCEB-E34A4C4144F3}.Oracle_Debug|Mixed Platforms.ActiveCfg = Debug|Any CPU
		{D520D53C-4F00-47D1-BCEB-E34A4C4144F3}.Oracle_Debug|Mixed Platforms.Build.0 = Debug|Any CPU
		{D520D53C-4F00-47D1-BCEB-E34A4C4144F3}.Oracle_Debug|x86.ActiveCfg = Debug|Any CPU
		{D520D53C-4F00-47D1-BCEB-E34A4C4144F3}.Release|Any CPU.ActiveCfg = Release|Any CPU
		{D520D53C-4F00-47D1-BCEB-E34A4C4144F3}.Release|Any CPU.Build.0 = Release|Any CPU
		{D520D53C-4F00-47D1-BCEB-E34A4C4144F3}.Release|Mixed Platforms.ActiveCfg = Release|Any CPU
		{D520D53C-4F00-47D1-BCEB-E34A4C4144F3}.Release|Mixed Platforms.Build.0 = Release|Any CPU
		{D520D53C-4F00-47D1-BCEB-E34A4C4144F3}.Release|x86.ActiveCfg = Release|Any CPU
		{D520D53C-4F00-47D1-BCEB-E34A4C4144F3}.Tencent|Any CPU.ActiveCfg = Release|Any CPU
		{D520D53C-4F00-47D1-BCEB-E34A4C4144F3}.Tencent|Any CPU.Build.0 = Release|Any CPU
		{D520D53C-4F00-47D1-BCEB-E34A4C4144F3}.Tencent|Mixed Platforms.ActiveCfg = Release|Any CPU
		{D520D53C-4F00-47D1-BCEB-E34A4C4144F3}.Tencent|Mixed Platforms.Build.0 = Release|Any CPU
		{D520D53C-4F00-47D1-BCEB-E34A4C4144F3}.Tencent|x86.ActiveCfg = Release|Any CPU
		{FBE7BAE4-1BF0-48F0-840E-35E3841FDB85}.Build|Any CPU.ActiveCfg = Release|Any CPU
		{FBE7BAE4-1BF0-48F0-840E-35E3841FDB85}.Build|Any CPU.Build.0 = Release|Any CPU
		{FBE7BAE4-1BF0-48F0-840E-35E3841FDB85}.Build|Mixed Platforms.ActiveCfg = Release|Any CPU
		{FBE7BAE4-1BF0-48F0-840E-35E3841FDB85}.Build|Mixed Platforms.Build.0 = Release|Any CPU
		{FBE7BAE4-1BF0-48F0-840E-35E3841FDB85}.Build|x86.ActiveCfg = Release|Any CPU
		{FBE7BAE4-1BF0-48F0-840E-35E3841FDB85}.Debug|Any CPU.ActiveCfg = Debug|Any CPU
		{FBE7BAE4-1BF0-48F0-840E-35E3841FDB85}.Debug|Any CPU.Build.0 = Debug|Any CPU
		{FBE7BAE4-1BF0-48F0-840E-35E3841FDB85}.Debug|Mixed Platforms.ActiveCfg = Debug|Any CPU
		{FBE7BAE4-1BF0-48F0-840E-35E3841FDB85}.Debug|Mixed Platforms.Build.0 = Debug|Any CPU
		{FBE7BAE4-1BF0-48F0-840E-35E3841FDB85}.Debug|x86.ActiveCfg = Debug|Any CPU
		{FBE7BAE4-1BF0-48F0-840E-35E3841FDB85}.Oracle_Debug|Any CPU.ActiveCfg = Debug|Any CPU
		{FBE7BAE4-1BF0-48F0-840E-35E3841FDB85}.Oracle_Debug|Any CPU.Build.0 = Debug|Any CPU
		{FBE7BAE4-1BF0-48F0-840E-35E3841FDB85}.Oracle_Debug|Mixed Platforms.ActiveCfg = Debug|Any CPU
		{FBE7BAE4-1BF0-48F0-840E-35E3841FDB85}.Oracle_Debug|Mixed Platforms.Build.0 = Debug|Any CPU
		{FBE7BAE4-1BF0-48F0-840E-35E3841FDB85}.Oracle_Debug|x86.ActiveCfg = Debug|Any CPU
		{FBE7BAE4-1BF0-48F0-840E-35E3841FDB85}.Release|Any CPU.ActiveCfg = Release|Any CPU
		{FBE7BAE4-1BF0-48F0-840E-35E3841FDB85}.Release|Any CPU.Build.0 = Release|Any CPU
		{FBE7BAE4-1BF0-48F0-840E-35E3841FDB85}.Release|Mixed Platforms.ActiveCfg = Release|Any CPU
		{FBE7BAE4-1BF0-48F0-840E-35E3841FDB85}.Release|Mixed Platforms.Build.0 = Release|Any CPU
		{FBE7BAE4-1BF0-48F0-840E-35E3841FDB85}.Release|x86.ActiveCfg = Release|Any CPU
		{FBE7BAE4-1BF0-48F0-840E-35E3841FDB85}.Tencent|Any CPU.ActiveCfg = Release|Any CPU
		{FBE7BAE4-1BF0-48F0-840E-35E3841FDB85}.Tencent|Any CPU.Build.0 = Release|Any CPU
		{FBE7BAE4-1BF0-48F0-840E-35E3841FDB85}.Tencent|Mixed Platforms.ActiveCfg = Release|Any CPU
		{FBE7BAE4-1BF0-48F0-840E-35E3841FDB85}.Tencent|Mixed Platforms.Build.0 = Release|Any CPU
		{FBE7BAE4-1BF0-48F0-840E-35E3841FDB85}.Tencent|x86.ActiveCfg = Release|Any CPU
		{77187AAE-B09D-4B79-A741-62B448A4BA72}.Build|Any CPU.ActiveCfg = Release|Any CPU
		{77187AAE-B09D-4B79-A741-62B448A4BA72}.Build|Any CPU.Build.0 = Release|Any CPU
		{77187AAE-B09D-4B79-A741-62B448A4BA72}.Build|Mixed Platforms.ActiveCfg = Release|Any CPU
		{77187AAE-B09D-4B79-A741-62B448A4BA72}.Build|Mixed Platforms.Build.0 = Release|Any CPU
		{77187AAE-B09D-4B79-A741-62B448A4BA72}.Build|x86.ActiveCfg = Release|Any CPU
		{77187AAE-B09D-4B79-A741-62B448A4BA72}.Debug|Any CPU.ActiveCfg = Debug|Any CPU
		{77187AAE-B09D-4B79-A741-62B448A4BA72}.Debug|Any CPU.Build.0 = Debug|Any CPU
		{77187AAE-B09D-4B79-A741-62B448A4BA72}.Debug|Mixed Platforms.ActiveCfg = Debug|Any CPU
		{77187AAE-B09D-4B79-A741-62B448A4BA72}.Debug|Mixed Platforms.Build.0 = Debug|Any CPU
		{77187AAE-B09D-4B79-A741-62B448A4BA72}.Debug|x86.ActiveCfg = Debug|Any CPU
		{77187AAE-B09D-4B79-A741-62B448A4BA72}.Oracle_Debug|Any CPU.ActiveCfg = Debug|Any CPU
		{77187AAE-B09D-4B79-A741-62B448A4BA72}.Oracle_Debug|Any CPU.Build.0 = Debug|Any CPU
		{77187AAE-B09D-4B79-A741-62B448A4BA72}.Oracle_Debug|Mixed Platforms.ActiveCfg = Debug|Any CPU
		{77187AAE-B09D-4B79-A741-62B448A4BA72}.Oracle_Debug|Mixed Platforms.Build.0 = Debug|Any CPU
		{77187AAE-B09D-4B79-A741-62B448A4BA72}.Oracle_Debug|x86.ActiveCfg = Debug|Any CPU
		{77187AAE-B09D-4B79-A741-62B448A4BA72}.Release|Any CPU.ActiveCfg = Release|Any CPU
		{77187AAE-B09D-4B79-A741-62B448A4BA72}.Release|Any CPU.Build.0 = Release|Any CPU
		{77187AAE-B09D-4B79-A741-62B448A4BA72}.Release|Mixed Platforms.ActiveCfg = Release|Any CPU
		{77187AAE-B09D-4B79-A741-62B448A4BA72}.Release|Mixed Platforms.Build.0 = Release|Any CPU
		{77187AAE-B09D-4B79-A741-62B448A4BA72}.Release|x86.ActiveCfg = Release|Any CPU
		{77187AAE-B09D-4B79-A741-62B448A4BA72}.Tencent|Any CPU.ActiveCfg = Release|Any CPU
		{77187AAE-B09D-4B79-A741-62B448A4BA72}.Tencent|Any CPU.Build.0 = Release|Any CPU
		{77187AAE-B09D-4B79-A741-62B448A4BA72}.Tencent|Mixed Platforms.ActiveCfg = Release|Any CPU
		{77187AAE-B09D-4B79-A741-62B448A4BA72}.Tencent|Mixed Platforms.Build.0 = Release|Any CPU
		{77187AAE-B09D-4B79-A741-62B448A4BA72}.Tencent|x86.ActiveCfg = Release|Any CPU
		{68C0EC8C-CE8C-4E36-9F1D-556E0A8C4300}.Build|Any CPU.ActiveCfg = Release|Any CPU
		{68C0EC8C-CE8C-4E36-9F1D-556E0A8C4300}.Build|Any CPU.Build.0 = Release|Any CPU
		{68C0EC8C-CE8C-4E36-9F1D-556E0A8C4300}.Build|Mixed Platforms.ActiveCfg = Release|Any CPU
		{68C0EC8C-CE8C-4E36-9F1D-556E0A8C4300}.Build|Mixed Platforms.Build.0 = Release|Any CPU
		{68C0EC8C-CE8C-4E36-9F1D-556E0A8C4300}.Build|x86.ActiveCfg = Release|Any CPU
		{68C0EC8C-CE8C-4E36-9F1D-556E0A8C4300}.Debug|Any CPU.ActiveCfg = Debug|Any CPU
		{68C0EC8C-CE8C-4E36-9F1D-556E0A8C4300}.Debug|Any CPU.Build.0 = Debug|Any CPU
		{68C0EC8C-CE8C-4E36-9F1D-556E0A8C4300}.Debug|Mixed Platforms.ActiveCfg = Debug|Any CPU
		{68C0EC8C-CE8C-4E36-9F1D-556E0A8C4300}.Debug|Mixed Platforms.Build.0 = Debug|Any CPU
		{68C0EC8C-CE8C-4E36-9F1D-556E0A8C4300}.Debug|x86.ActiveCfg = Debug|Any CPU
		{68C0EC8C-CE8C-4E36-9F1D-556E0A8C4300}.Oracle_Debug|Any CPU.ActiveCfg = Debug|Any CPU
		{68C0EC8C-CE8C-4E36-9F1D-556E0A8C4300}.Oracle_Debug|Any CPU.Build.0 = Debug|Any CPU
		{68C0EC8C-CE8C-4E36-9F1D-556E0A8C4300}.Oracle_Debug|Mixed Platforms.ActiveCfg = Debug|Any CPU
		{68C0EC8C-CE8C-4E36-9F1D-556E0A8C4300}.Oracle_Debug|Mixed Platforms.Build.0 = Debug|Any CPU
		{68C0EC8C-CE8C-4E36-9F1D-556E0A8C4300}.Oracle_Debug|x86.ActiveCfg = Debug|Any CPU
		{68C0EC8C-CE8C-4E36-9F1D-556E0A8C4300}.Release|Any CPU.ActiveCfg = Release|Any CPU
		{68C0EC8C-CE8C-4E36-9F1D-556E0A8C4300}.Release|Any CPU.Build.0 = Release|Any CPU
		{68C0EC8C-CE8C-4E36-9F1D-556E0A8C4300}.Release|Mixed Platforms.ActiveCfg = Release|Any CPU
		{68C0EC8C-CE8C-4E36-9F1D-556E0A8C4300}.Release|Mixed Platforms.Build.0 = Release|Any CPU
		{68C0EC8C-CE8C-4E36-9F1D-556E0A8C4300}.Release|x86.ActiveCfg = Release|Any CPU
		{68C0EC8C-CE8C-4E36-9F1D-556E0A8C4300}.Tencent|Any CPU.ActiveCfg = Release|Any CPU
		{68C0EC8C-CE8C-4E36-9F1D-556E0A8C4300}.Tencent|Any CPU.Build.0 = Release|Any CPU
		{68C0EC8C-CE8C-4E36-9F1D-556E0A8C4300}.Tencent|Mixed Platforms.ActiveCfg = Release|Any CPU
		{68C0EC8C-CE8C-4E36-9F1D-556E0A8C4300}.Tencent|Mixed Platforms.Build.0 = Release|Any CPU
		{68C0EC8C-CE8C-4E36-9F1D-556E0A8C4300}.Tencent|x86.ActiveCfg = Release|Any CPU
		{12936F82-5E31-42B6-922E-276BE6B9FBD8}.Build|Any CPU.ActiveCfg = Release|x86
		{12936F82-5E31-42B6-922E-276BE6B9FBD8}.Build|Mixed Platforms.ActiveCfg = Release|x86
		{12936F82-5E31-42B6-922E-276BE6B9FBD8}.Build|Mixed Platforms.Build.0 = Release|x86
		{12936F82-5E31-42B6-922E-276BE6B9FBD8}.Build|x86.ActiveCfg = Release|x86
		{12936F82-5E31-42B6-922E-276BE6B9FBD8}.Build|x86.Build.0 = Release|x86
		{12936F82-5E31-42B6-922E-276BE6B9FBD8}.Debug|Any CPU.ActiveCfg = Debug|x86
		{12936F82-5E31-42B6-922E-276BE6B9FBD8}.Debug|Mixed Platforms.ActiveCfg = Debug|x86
		{12936F82-5E31-42B6-922E-276BE6B9FBD8}.Debug|Mixed Platforms.Build.0 = Debug|x86
		{12936F82-5E31-42B6-922E-276BE6B9FBD8}.Debug|x86.ActiveCfg = Debug|x86
		{12936F82-5E31-42B6-922E-276BE6B9FBD8}.Debug|x86.Build.0 = Debug|x86
		{12936F82-5E31-42B6-922E-276BE6B9FBD8}.Oracle_Debug|Any CPU.ActiveCfg = Debug|x86
		{12936F82-5E31-42B6-922E-276BE6B9FBD8}.Oracle_Debug|Mixed Platforms.ActiveCfg = Debug|x86
		{12936F82-5E31-42B6-922E-276BE6B9FBD8}.Oracle_Debug|Mixed Platforms.Build.0 = Debug|x86
		{12936F82-5E31-42B6-922E-276BE6B9FBD8}.Oracle_Debug|x86.ActiveCfg = Debug|x86
		{12936F82-5E31-42B6-922E-276BE6B9FBD8}.Oracle_Debug|x86.Build.0 = Debug|x86
		{12936F82-5E31-42B6-922E-276BE6B9FBD8}.Release|Any CPU.ActiveCfg = Release|x86
		{12936F82-5E31-42B6-922E-276BE6B9FBD8}.Release|Mixed Platforms.ActiveCfg = Release|x86
		{12936F82-5E31-42B6-922E-276BE6B9FBD8}.Release|Mixed Platforms.Build.0 = Release|x86
		{12936F82-5E31-42B6-922E-276BE6B9FBD8}.Release|x86.ActiveCfg = Release|x86
		{12936F82-5E31-42B6-922E-276BE6B9FBD8}.Release|x86.Build.0 = Release|x86
		{12936F82-5E31-42B6-922E-276BE6B9FBD8}.Tencent|Any CPU.ActiveCfg = Release|x86
		{12936F82-5E31-42B6-922E-276BE6B9FBD8}.Tencent|Mixed Platforms.ActiveCfg = Release|x86
		{12936F82-5E31-42B6-922E-276BE6B9FBD8}.Tencent|Mixed Platforms.Build.0 = Release|x86
		{12936F82-5E31-42B6-922E-276BE6B9FBD8}.Tencent|x86.ActiveCfg = Release|x86
		{12936F82-5E31-42B6-922E-276BE6B9FBD8}.Tencent|x86.Build.0 = Release|x86
		{FD3A3D7C-4159-483E-BF13-464CAD115987}.Build|Any CPU.ActiveCfg = Release|Any CPU
		{FD3A3D7C-4159-483E-BF13-464CAD115987}.Build|Any CPU.Build.0 = Release|Any CPU
		{FD3A3D7C-4159-483E-BF13-464CAD115987}.Build|Mixed Platforms.ActiveCfg = Release|Any CPU
		{FD3A3D7C-4159-483E-BF13-464CAD115987}.Build|Mixed Platforms.Build.0 = Release|Any CPU
		{FD3A3D7C-4159-483E-BF13-464CAD115987}.Build|x86.ActiveCfg = Release|Any CPU
		{FD3A3D7C-4159-483E-BF13-464CAD115987}.Debug|Any CPU.ActiveCfg = Debug|Any CPU
		{FD3A3D7C-4159-483E-BF13-464CAD115987}.Debug|Any CPU.Build.0 = Debug|Any CPU
		{FD3A3D7C-4159-483E-BF13-464CAD115987}.Debug|Mixed Platforms.ActiveCfg = Debug|Any CPU
		{FD3A3D7C-4159-483E-BF13-464CAD115987}.Debug|Mixed Platforms.Build.0 = Debug|Any CPU
		{FD3A3D7C-4159-483E-BF13-464CAD115987}.Debug|x86.ActiveCfg = Debug|Any CPU
		{FD3A3D7C-4159-483E-BF13-464CAD115987}.Oracle_Debug|Any CPU.ActiveCfg = Debug|Any CPU
		{FD3A3D7C-4159-483E-BF13-464CAD115987}.Oracle_Debug|Any CPU.Build.0 = Debug|Any CPU
		{FD3A3D7C-4159-483E-BF13-464CAD115987}.Oracle_Debug|Mixed Platforms.ActiveCfg = Debug|Any CPU
		{FD3A3D7C-4159-483E-BF13-464CAD115987}.Oracle_Debug|Mixed Platforms.Build.0 = Debug|Any CPU
		{FD3A3D7C-4159-483E-BF13-464CAD115987}.Oracle_Debug|x86.ActiveCfg = Debug|Any CPU
		{FD3A3D7C-4159-483E-BF13-464CAD115987}.Release|Any CPU.ActiveCfg = Release|Any CPU
		{FD3A3D7C-4159-483E-BF13-464CAD115987}.Release|Any CPU.Build.0 = Release|Any CPU
		{FD3A3D7C-4159-483E-BF13-464CAD115987}.Release|Mixed Platforms.ActiveCfg = Release|Any CPU
		{FD3A3D7C-4159-483E-BF13-464CAD115987}.Release|Mixed Platforms.Build.0 = Release|Any CPU
		{FD3A3D7C-4159-483E-BF13-464CAD115987}.Release|x86.ActiveCfg = Release|Any CPU
		{FD3A3D7C-4159-483E-BF13-464CAD115987}.Tencent|Any CPU.ActiveCfg = Release|Any CPU
		{FD3A3D7C-4159-483E-BF13-464CAD115987}.Tencent|Any CPU.Build.0 = Release|Any CPU
		{FD3A3D7C-4159-483E-BF13-464CAD115987}.Tencent|Mixed Platforms.ActiveCfg = Release|Any CPU
		{FD3A3D7C-4159-483E-BF13-464CAD115987}.Tencent|Mixed Platforms.Build.0 = Release|Any CPU
		{FD3A3D7C-4159-483E-BF13-464CAD115987}.Tencent|x86.ActiveCfg = Release|Any CPU
		{433A5251-66B6-43A5-BDFB-61E8A0992168}.Build|Any CPU.ActiveCfg = Release|Any CPU
		{433A5251-66B6-43A5-BDFB-61E8A0992168}.Build|Any CPU.Build.0 = Release|Any CPU
		{433A5251-66B6-43A5-BDFB-61E8A0992168}.Build|Mixed Platforms.ActiveCfg = Release|Any CPU
		{433A5251-66B6-43A5-BDFB-61E8A0992168}.Build|Mixed Platforms.Build.0 = Release|Any CPU
		{433A5251-66B6-43A5-BDFB-61E8A0992168}.Build|x86.ActiveCfg = Release|Any CPU
		{433A5251-66B6-43A5-BDFB-61E8A0992168}.Debug|Any CPU.ActiveCfg = Debug|Any CPU
		{433A5251-66B6-43A5-BDFB-61E8A0992168}.Debug|Any CPU.Build.0 = Debug|Any CPU
		{433A5251-66B6-43A5-BDFB-61E8A0992168}.Debug|Mixed Platforms.ActiveCfg = Debug|Any CPU
		{433A5251-66B6-43A5-BDFB-61E8A0992168}.Debug|Mixed Platforms.Build.0 = Debug|Any CPU
		{433A5251-66B6-43A5-BDFB-61E8A0992168}.Debug|x86.ActiveCfg = Debug|Any CPU
		{433A5251-66B6-43A5-BDFB-61E8A0992168}.Oracle_Debug|Any CPU.ActiveCfg = Debug|Any CPU
		{433A5251-66B6-43A5-BDFB-61E8A0992168}.Oracle_Debug|Any CPU.Build.0 = Debug|Any CPU
		{433A5251-66B6-43A5-BDFB-61E8A0992168}.Oracle_Debug|Mixed Platforms.ActiveCfg = Debug|Any CPU
		{433A5251-66B6-43A5-BDFB-61E8A0992168}.Oracle_Debug|Mixed Platforms.Build.0 = Debug|Any CPU
		{433A5251-66B6-43A5-BDFB-61E8A0992168}.Oracle_Debug|x86.ActiveCfg = Debug|Any CPU
		{433A5251-66B6-43A5-BDFB-61E8A0992168}.Release|Any CPU.ActiveCfg = Release|Any CPU
		{433A5251-66B6-43A5-BDFB-61E8A0992168}.Release|Any CPU.Build.0 = Release|Any CPU
		{433A5251-66B6-43A5-BDFB-61E8A0992168}.Release|Mixed Platforms.ActiveCfg = Release|Any CPU
		{433A5251-66B6-43A5-BDFB-61E8A0992168}.Release|Mixed Platforms.Build.0 = Release|Any CPU
		{433A5251-66B6-43A5-BDFB-61E8A0992168}.Release|x86.ActiveCfg = Release|Any CPU
		{433A5251-66B6-43A5-BDFB-61E8A0992168}.Tencent|Any CPU.ActiveCfg = Release|Any CPU
		{433A5251-66B6-43A5-BDFB-61E8A0992168}.Tencent|Any CPU.Build.0 = Release|Any CPU
		{433A5251-66B6-43A5-BDFB-61E8A0992168}.Tencent|Mixed Platforms.ActiveCfg = Release|Any CPU
		{433A5251-66B6-43A5-BDFB-61E8A0992168}.Tencent|Mixed Platforms.Build.0 = Release|Any CPU
		{433A5251-66B6-43A5-BDFB-61E8A0992168}.Tencent|x86.ActiveCfg = Release|Any CPU
		{00E9AA05-9155-4919-AC4C-1095D01C688A}.Build|Any CPU.ActiveCfg = Release|Any CPU
		{00E9AA05-9155-4919-AC4C-1095D01C688A}.Build|Any CPU.Build.0 = Release|Any CPU
		{00E9AA05-9155-4919-AC4C-1095D01C688A}.Build|Mixed Platforms.ActiveCfg = Release|Any CPU
		{00E9AA05-9155-4919-AC4C-1095D01C688A}.Build|Mixed Platforms.Build.0 = Release|Any CPU
		{00E9AA05-9155-4919-AC4C-1095D01C688A}.Build|x86.ActiveCfg = Release|Any CPU
		{00E9AA05-9155-4919-AC4C-1095D01C688A}.Debug|Any CPU.ActiveCfg = Debug|Any CPU
		{00E9AA05-9155-4919-AC4C-1095D01C688A}.Debug|Any CPU.Build.0 = Debug|Any CPU
		{00E9AA05-9155-4919-AC4C-1095D01C688A}.Debug|Mixed Platforms.ActiveCfg = Debug|Any CPU
		{00E9AA05-9155-4919-AC4C-1095D01C688A}.Debug|Mixed Platforms.Build.0 = Debug|Any CPU
		{00E9AA05-9155-4919-AC4C-1095D01C688A}.Debug|x86.ActiveCfg = Debug|Any CPU
		{00E9AA05-9155-4919-AC4C-1095D01C688A}.Oracle_Debug|Any CPU.ActiveCfg = Debug|Any CPU
		{00E9AA05-9155-4919-AC4C-1095D01C688A}.Oracle_Debug|Any CPU.Build.0 = Debug|Any CPU
		{00E9AA05-9155-4919-AC4C-1095D01C688A}.Oracle_Debug|Mixed Platforms.ActiveCfg = Debug|Any CPU
		{00E9AA05-9155-4919-AC4C-1095D01C688A}.Oracle_Debug|Mixed Platforms.Build.0 = Debug|Any CPU
		{00E9AA05-9155-4919-AC4C-1095D01C688A}.Oracle_Debug|x86.ActiveCfg = Debug|Any CPU
		{00E9AA05-9155-4919-AC4C-1095D01C688A}.Release|Any CPU.ActiveCfg = Release|Any CPU
		{00E9AA05-9155-4919-AC4C-1095D01C688A}.Release|Any CPU.Build.0 = Release|Any CPU
		{00E9AA05-9155-4919-AC4C-1095D01C688A}.Release|Mixed Platforms.ActiveCfg = Release|Any CPU
		{00E9AA05-9155-4919-AC4C-1095D01C688A}.Release|Mixed Platforms.Build.0 = Release|Any CPU
		{00E9AA05-9155-4919-AC4C-1095D01C688A}.Release|x86.ActiveCfg = Release|Any CPU
		{00E9AA05-9155-4919-AC4C-1095D01C688A}.Tencent|Any CPU.ActiveCfg = Release|Any CPU
		{00E9AA05-9155-4919-AC4C-1095D01C688A}.Tencent|Any CPU.Build.0 = Release|Any CPU
		{00E9AA05-9155-4919-AC4C-1095D01C688A}.Tencent|Mixed Platforms.ActiveCfg = Release|Any CPU
		{00E9AA05-9155-4919-AC4C-1095D01C688A}.Tencent|Mixed Platforms.Build.0 = Release|Any CPU
		{00E9AA05-9155-4919-AC4C-1095D01C688A}.Tencent|x86.ActiveCfg = Release|Any CPU
		{57C8D966-336F-4099-A8C9-C81132BF49AA}.Build|Any CPU.ActiveCfg = Release|x86
		{57C8D966-336F-4099-A8C9-C81132BF49AA}.Build|Mixed Platforms.ActiveCfg = Release|x86
		{57C8D966-336F-4099-A8C9-C81132BF49AA}.Build|Mixed Platforms.Build.0 = Release|x86
		{57C8D966-336F-4099-A8C9-C81132BF49AA}.Build|x86.ActiveCfg = Release|x86
		{57C8D966-336F-4099-A8C9-C81132BF49AA}.Build|x86.Build.0 = Release|x86
		{57C8D966-336F-4099-A8C9-C81132BF49AA}.Debug|Any CPU.ActiveCfg = Debug|x86
		{57C8D966-336F-4099-A8C9-C81132BF49AA}.Debug|Mixed Platforms.ActiveCfg = Debug|x86
		{57C8D966-336F-4099-A8C9-C81132BF49AA}.Debug|Mixed Platforms.Build.0 = Debug|x86
		{57C8D966-336F-4099-A8C9-C81132BF49AA}.Debug|x86.ActiveCfg = Debug|x86
		{57C8D966-336F-4099-A8C9-C81132BF49AA}.Debug|x86.Build.0 = Debug|x86
		{57C8D966-336F-4099-A8C9-C81132BF49AA}.Oracle_Debug|Any CPU.ActiveCfg = Debug|x86
		{57C8D966-336F-4099-A8C9-C81132BF49AA}.Oracle_Debug|Mixed Platforms.ActiveCfg = Debug|x86
		{57C8D966-336F-4099-A8C9-C81132BF49AA}.Oracle_Debug|Mixed Platforms.Build.0 = Debug|x86
		{57C8D966-336F-4099-A8C9-C81132BF49AA}.Oracle_Debug|x86.ActiveCfg = Debug|x86
		{57C8D966-336F-4099-A8C9-C81132BF49AA}.Oracle_Debug|x86.Build.0 = Debug|x86
		{57C8D966-336F-4099-A8C9-C81132BF49AA}.Release|Any CPU.ActiveCfg = Release|x86
		{57C8D966-336F-4099-A8C9-C81132BF49AA}.Release|Mixed Platforms.ActiveCfg = Release|x86
		{57C8D966-336F-4099-A8C9-C81132BF49AA}.Release|Mixed Platforms.Build.0 = Release|x86
		{57C8D966-336F-4099-A8C9-C81132BF49AA}.Release|x86.ActiveCfg = Release|x86
		{57C8D966-336F-4099-A8C9-C81132BF49AA}.Release|x86.Build.0 = Release|x86
		{57C8D966-336F-4099-A8C9-C81132BF49AA}.Tencent|Any CPU.ActiveCfg = Release|x86
		{57C8D966-336F-4099-A8C9-C81132BF49AA}.Tencent|Mixed Platforms.ActiveCfg = Release|x86
		{57C8D966-336F-4099-A8C9-C81132BF49AA}.Tencent|Mixed Platforms.Build.0 = Release|x86
		{57C8D966-336F-4099-A8C9-C81132BF49AA}.Tencent|x86.ActiveCfg = Release|x86
		{57C8D966-336F-4099-A8C9-C81132BF49AA}.Tencent|x86.Build.0 = Release|x86
		{35E4E523-FA00-41B3-898C-4463EF4399F7}.Build|Any CPU.ActiveCfg = Release|x86
		{35E4E523-FA00-41B3-898C-4463EF4399F7}.Build|Mixed Platforms.ActiveCfg = Release|x86
		{35E4E523-FA00-41B3-898C-4463EF4399F7}.Build|Mixed Platforms.Build.0 = Release|x86
		{35E4E523-FA00-41B3-898C-4463EF4399F7}.Build|x86.ActiveCfg = Release|x86
		{35E4E523-FA00-41B3-898C-4463EF4399F7}.Build|x86.Build.0 = Release|x86
		{35E4E523-FA00-41B3-898C-4463EF4399F7}.Debug|Any CPU.ActiveCfg = Debug|x86
		{35E4E523-FA00-41B3-898C-4463EF4399F7}.Debug|Mixed Platforms.ActiveCfg = Debug|x86
		{35E4E523-FA00-41B3-898C-4463EF4399F7}.Debug|Mixed Platforms.Build.0 = Debug|x86
		{35E4E523-FA00-41B3-898C-4463EF4399F7}.Debug|x86.ActiveCfg = Debug|x86
		{35E4E523-FA00-41B3-898C-4463EF4399F7}.Debug|x86.Build.0 = Debug|x86
		{35E4E523-FA00-41B3-898C-4463EF4399F7}.Oracle_Debug|Any CPU.ActiveCfg = Debug|x86
		{35E4E523-FA00-41B3-898C-4463EF4399F7}.Oracle_Debug|Mixed Platforms.ActiveCfg = Debug|x86
		{35E4E523-FA00-41B3-898C-4463EF4399F7}.Oracle_Debug|Mixed Platforms.Build.0 = Debug|x86
		{35E4E523-FA00-41B3-898C-4463EF4399F7}.Oracle_Debug|x86.ActiveCfg = Debug|x86
		{35E4E523-FA00-41B3-898C-4463EF4399F7}.Oracle_Debug|x86.Build.0 = Debug|x86
		{35E4E523-FA00-41B3-898C-4463EF4399F7}.Release|Any CPU.ActiveCfg = Release|x86
		{35E4E523-FA00-41B3-898C-4463EF4399F7}.Release|Mixed Platforms.ActiveCfg = Release|x86
		{35E4E523-FA00-41B3-898C-4463EF4399F7}.Release|Mixed Platforms.Build.0 = Release|x86
		{35E4E523-FA00-41B3-898C-4463EF4399F7}.Release|x86.ActiveCfg = Release|x86
		{35E4E523-FA00-41B3-898C-4463EF4399F7}.Release|x86.Build.0 = Release|x86
		{35E4E523-FA00-41B3-898C-4463EF4399F7}.Tencent|Any CPU.ActiveCfg = Release|x86
		{35E4E523-FA00-41B3-898C-4463EF4399F7}.Tencent|Mixed Platforms.ActiveCfg = Release|x86
		{35E4E523-FA00-41B3-898C-4463EF4399F7}.Tencent|Mixed Platforms.Build.0 = Release|x86
		{35E4E523-FA00-41B3-898C-4463EF4399F7}.Tencent|x86.ActiveCfg = Release|x86
		{35E4E523-FA00-41B3-898C-4463EF4399F7}.Tencent|x86.Build.0 = Release|x86
		{0F204B46-4A8E-43FF-B0AB-9A4C91C180F7}.Build|Any CPU.ActiveCfg = Release|Any CPU
		{0F204B46-4A8E-43FF-B0AB-9A4C91C180F7}.Build|Any CPU.Build.0 = Release|Any CPU
		{0F204B46-4A8E-43FF-B0AB-9A4C91C180F7}.Build|Mixed Platforms.ActiveCfg = Release|Any CPU
		{0F204B46-4A8E-43FF-B0AB-9A4C91C180F7}.Build|Mixed Platforms.Build.0 = Release|Any CPU
		{0F204B46-4A8E-43FF-B0AB-9A4C91C180F7}.Build|x86.ActiveCfg = Release|Any CPU
		{0F204B46-4A8E-43FF-B0AB-9A4C91C180F7}.Debug|Any CPU.ActiveCfg = Debug|Any CPU
		{0F204B46-4A8E-43FF-B0AB-9A4C91C180F7}.Debug|Any CPU.Build.0 = Debug|Any CPU
		{0F204B46-4A8E-43FF-B0AB-9A4C91C180F7}.Debug|Mixed Platforms.ActiveCfg = Debug|Any CPU
		{0F204B46-4A8E-43FF-B0AB-9A4C91C180F7}.Debug|Mixed Platforms.Build.0 = Debug|Any CPU
		{0F204B46-4A8E-43FF-B0AB-9A4C91C180F7}.Debug|x86.ActiveCfg = Debug|Any CPU
		{0F204B46-4A8E-43FF-B0AB-9A4C91C180F7}.Oracle_Debug|Any CPU.ActiveCfg = Debug|Any CPU
		{0F204B46-4A8E-43FF-B0AB-9A4C91C180F7}.Oracle_Debug|Any CPU.Build.0 = Debug|Any CPU
		{0F204B46-4A8E-43FF-B0AB-9A4C91C180F7}.Oracle_Debug|Mixed Platforms.ActiveCfg = Debug|Any CPU
		{0F204B46-4A8E-43FF-B0AB-9A4C91C180F7}.Oracle_Debug|Mixed Platforms.Build.0 = Debug|Any CPU
		{0F204B46-4A8E-43FF-B0AB-9A4C91C180F7}.Oracle_Debug|x86.ActiveCfg = Debug|Any CPU
		{0F204B46-4A8E-43FF-B0AB-9A4C91C180F7}.Release|Any CPU.ActiveCfg = Release|Any CPU
		{0F204B46-4A8E-43FF-B0AB-9A4C91C180F7}.Release|Any CPU.Build.0 = Release|Any CPU
		{0F204B46-4A8E-43FF-B0AB-9A4C91C180F7}.Release|Mixed Platforms.ActiveCfg = Release|Any CPU
		{0F204B46-4A8E-43FF-B0AB-9A4C91C180F7}.Release|Mixed Platforms.Build.0 = Release|Any CPU
		{0F204B46-4A8E-43FF-B0AB-9A4C91C180F7}.Release|x86.ActiveCfg = Release|Any CPU
		{0F204B46-4A8E-43FF-B0AB-9A4C91C180F7}.Tencent|Any CPU.ActiveCfg = Release|Any CPU
		{0F204B46-4A8E-43FF-B0AB-9A4C91C180F7}.Tencent|Any CPU.Build.0 = Release|Any CPU
		{0F204B46-4A8E-43FF-B0AB-9A4C91C180F7}.Tencent|Mixed Platforms.ActiveCfg = Release|Any CPU
		{0F204B46-4A8E-43FF-B0AB-9A4C91C180F7}.Tencent|Mixed Platforms.Build.0 = Release|Any CPU
		{0F204B46-4A8E-43FF-B0AB-9A4C91C180F7}.Tencent|x86.ActiveCfg = Release|Any CPU
		{97E0C0C0-2E94-4551-B661-FB3775F17233}.Build|Any CPU.ActiveCfg = Release|Any CPU
		{97E0C0C0-2E94-4551-B661-FB3775F17233}.Build|Any CPU.Build.0 = Release|Any CPU
		{97E0C0C0-2E94-4551-B661-FB3775F17233}.Build|Mixed Platforms.ActiveCfg = Release|Any CPU
		{97E0C0C0-2E94-4551-B661-FB3775F17233}.Build|Mixed Platforms.Build.0 = Release|Any CPU
		{97E0C0C0-2E94-4551-B661-FB3775F17233}.Build|x86.ActiveCfg = Release|Any CPU
		{97E0C0C0-2E94-4551-B661-FB3775F17233}.Debug|Any CPU.ActiveCfg = Debug|Any CPU
		{97E0C0C0-2E94-4551-B661-FB3775F17233}.Debug|Any CPU.Build.0 = Debug|Any CPU
		{97E0C0C0-2E94-4551-B661-FB3775F17233}.Debug|Mixed Platforms.ActiveCfg = Debug|Any CPU
		{97E0C0C0-2E94-4551-B661-FB3775F17233}.Debug|Mixed Platforms.Build.0 = Debug|Any CPU
		{97E0C0C0-2E94-4551-B661-FB3775F17233}.Debug|x86.ActiveCfg = Debug|Any CPU
		{97E0C0C0-2E94-4551-B661-FB3775F17233}.Oracle_Debug|Any CPU.ActiveCfg = Debug|Any CPU
		{97E0C0C0-2E94-4551-B661-FB3775F17233}.Oracle_Debug|Any CPU.Build.0 = Debug|Any CPU
		{97E0C0C0-2E94-4551-B661-FB3775F17233}.Oracle_Debug|Mixed Platforms.ActiveCfg = Debug|Any CPU
		{97E0C0C0-2E94-4551-B661-FB3775F17233}.Oracle_Debug|Mixed Platforms.Build.0 = Debug|Any CPU
		{97E0C0C0-2E94-4551-B661-FB3775F17233}.Oracle_Debug|x86.ActiveCfg = Debug|Any CPU
		{97E0C0C0-2E94-4551-B661-FB3775F17233}.Release|Any CPU.ActiveCfg = Release|Any CPU
		{97E0C0C0-2E94-4551-B661-FB3775F17233}.Release|Any CPU.Build.0 = Release|Any CPU
		{97E0C0C0-2E94-4551-B661-FB3775F17233}.Release|Mixed Platforms.ActiveCfg = Release|Any CPU
		{97E0C0C0-2E94-4551-B661-FB3775F17233}.Release|Mixed Platforms.Build.0 = Release|Any CPU
		{97E0C0C0-2E94-4551-B661-FB3775F17233}.Release|x86.ActiveCfg = Release|Any CPU
		{97E0C0C0-2E94-4551-B661-FB3775F17233}.Tencent|Any CPU.ActiveCfg = Release|Any CPU
		{97E0C0C0-2E94-4551-B661-FB3775F17233}.Tencent|Any CPU.Build.0 = Release|Any CPU
		{97E0C0C0-2E94-4551-B661-FB3775F17233}.Tencent|Mixed Platforms.ActiveCfg = Release|Any CPU
		{97E0C0C0-2E94-4551-B661-FB3775F17233}.Tencent|Mixed Platforms.Build.0 = Release|Any CPU
		{97E0C0C0-2E94-4551-B661-FB3775F17233}.Tencent|x86.ActiveCfg = Release|Any CPU
		{4F5E1E9B-AA50-418B-8414-3D5FC235EF54}.Build|Any CPU.ActiveCfg = Release|Any CPU
		{4F5E1E9B-AA50-418B-8414-3D5FC235EF54}.Build|Any CPU.Build.0 = Release|Any CPU
		{4F5E1E9B-AA50-418B-8414-3D5FC235EF54}.Build|Mixed Platforms.ActiveCfg = Release|Any CPU
		{4F5E1E9B-AA50-418B-8414-3D5FC235EF54}.Build|Mixed Platforms.Build.0 = Release|Any CPU
		{4F5E1E9B-AA50-418B-8414-3D5FC235EF54}.Build|x86.ActiveCfg = Release|Any CPU
		{4F5E1E9B-AA50-418B-8414-3D5FC235EF54}.Debug|Any CPU.ActiveCfg = Debug|Any CPU
		{4F5E1E9B-AA50-418B-8414-3D5FC235EF54}.Debug|Any CPU.Build.0 = Debug|Any CPU
		{4F5E1E9B-AA50-418B-8414-3D5FC235EF54}.Debug|Mixed Platforms.ActiveCfg = Debug|Any CPU
		{4F5E1E9B-AA50-418B-8414-3D5FC235EF54}.Debug|Mixed Platforms.Build.0 = Debug|Any CPU
		{4F5E1E9B-AA50-418B-8414-3D5FC235EF54}.Debug|x86.ActiveCfg = Debug|Any CPU
		{4F5E1E9B-AA50-418B-8414-3D5FC235EF54}.Oracle_Debug|Any CPU.ActiveCfg = Debug|Any CPU
		{4F5E1E9B-AA50-418B-8414-3D5FC235EF54}.Oracle_Debug|Any CPU.Build.0 = Debug|Any CPU
		{4F5E1E9B-AA50-418B-8414-3D5FC235EF54}.Oracle_Debug|Mixed Platforms.ActiveCfg = Debug|Any CPU
		{4F5E1E9B-AA50-418B-8414-3D5FC235EF54}.Oracle_Debug|Mixed Platforms.Build.0 = Debug|Any CPU
		{4F5E1E9B-AA50-418B-8414-3D5FC235EF54}.Oracle_Debug|x86.ActiveCfg = Debug|Any CPU
		{4F5E1E9B-AA50-418B-8414-3D5FC235EF54}.Release|Any CPU.ActiveCfg = Release|Any CPU
		{4F5E1E9B-AA50-418B-8414-3D5FC235EF54}.Release|Any CPU.Build.0 = Release|Any CPU
		{4F5E1E9B-AA50-418B-8414-3D5FC235EF54}.Release|Mixed Platforms.ActiveCfg = Release|Any CPU
		{4F5E1E9B-AA50-418B-8414-3D5FC235EF54}.Release|Mixed Platforms.Build.0 = Release|Any CPU
		{4F5E1E9B-AA50-418B-8414-3D5FC235EF54}.Release|x86.ActiveCfg = Release|Any CPU
		{4F5E1E9B-AA50-418B-8414-3D5FC235EF54}.Tencent|Any CPU.ActiveCfg = Release|Any CPU
		{4F5E1E9B-AA50-418B-8414-3D5FC235EF54}.Tencent|Any CPU.Build.0 = Release|Any CPU
		{4F5E1E9B-AA50-418B-8414-3D5FC235EF54}.Tencent|Mixed Platforms.ActiveCfg = Release|Any CPU
		{4F5E1E9B-AA50-418B-8414-3D5FC235EF54}.Tencent|Mixed Platforms.Build.0 = Release|Any CPU
		{4F5E1E9B-AA50-418B-8414-3D5FC235EF54}.Tencent|x86.ActiveCfg = Release|Any CPU
		{773C489F-D105-4095-B6F9-2D29B2D049DC}.Build|Any CPU.ActiveCfg = Release|Any CPU
		{773C489F-D105-4095-B6F9-2D29B2D049DC}.Build|Any CPU.Build.0 = Release|Any CPU
		{773C489F-D105-4095-B6F9-2D29B2D049DC}.Build|Mixed Platforms.ActiveCfg = Release|Any CPU
		{773C489F-D105-4095-B6F9-2D29B2D049DC}.Build|Mixed Platforms.Build.0 = Release|Any CPU
		{773C489F-D105-4095-B6F9-2D29B2D049DC}.Build|x86.ActiveCfg = Release|Any CPU
		{773C489F-D105-4095-B6F9-2D29B2D049DC}.Debug|Any CPU.ActiveCfg = Debug|Any CPU
		{773C489F-D105-4095-B6F9-2D29B2D049DC}.Debug|Any CPU.Build.0 = Debug|Any CPU
		{773C489F-D105-4095-B6F9-2D29B2D049DC}.Debug|Mixed Platforms.ActiveCfg = Debug|Any CPU
		{773C489F-D105-4095-B6F9-2D29B2D049DC}.Debug|Mixed Platforms.Build.0 = Debug|Any CPU
		{773C489F-D105-4095-B6F9-2D29B2D049DC}.Debug|x86.ActiveCfg = Debug|Any CPU
		{773C489F-D105-4095-B6F9-2D29B2D049DC}.Oracle_Debug|Any CPU.ActiveCfg = Debug|Any CPU
		{773C489F-D105-4095-B6F9-2D29B2D049DC}.Oracle_Debug|Any CPU.Build.0 = Debug|Any CPU
		{773C489F-D105-4095-B6F9-2D29B2D049DC}.Oracle_Debug|Mixed Platforms.ActiveCfg = Debug|Any CPU
		{773C489F-D105-4095-B6F9-2D29B2D049DC}.Oracle_Debug|Mixed Platforms.Build.0 = Debug|Any CPU
		{773C489F-D105-4095-B6F9-2D29B2D049DC}.Oracle_Debug|x86.ActiveCfg = Debug|Any CPU
		{773C489F-D105-4095-B6F9-2D29B2D049DC}.Release|Any CPU.ActiveCfg = Release|Any CPU
		{773C489F-D105-4095-B6F9-2D29B2D049DC}.Release|Any CPU.Build.0 = Release|Any CPU
		{773C489F-D105-4095-B6F9-2D29B2D049DC}.Release|Mixed Platforms.ActiveCfg = Release|Any CPU
		{773C489F-D105-4095-B6F9-2D29B2D049DC}.Release|Mixed Platforms.Build.0 = Release|Any CPU
		{773C489F-D105-4095-B6F9-2D29B2D049DC}.Release|x86.ActiveCfg = Release|Any CPU
		{773C489F-D105-4095-B6F9-2D29B2D049DC}.Tencent|Any CPU.ActiveCfg = Release|Any CPU
		{773C489F-D105-4095-B6F9-2D29B2D049DC}.Tencent|Any CPU.Build.0 = Release|Any CPU
		{773C489F-D105-4095-B6F9-2D29B2D049DC}.Tencent|Mixed Platforms.ActiveCfg = Release|Any CPU
		{773C489F-D105-4095-B6F9-2D29B2D049DC}.Tencent|Mixed Platforms.Build.0 = Release|Any CPU
		{773C489F-D105-4095-B6F9-2D29B2D049DC}.Tencent|x86.ActiveCfg = Release|Any CPU
		{80056F27-4283-4DBA-8596-C24154370AB0}.Build|Any CPU.ActiveCfg = Release|x86
		{80056F27-4283-4DBA-8596-C24154370AB0}.Build|Mixed Platforms.ActiveCfg = Release|x86
		{80056F27-4283-4DBA-8596-C24154370AB0}.Build|Mixed Platforms.Build.0 = Release|x86
		{80056F27-4283-4DBA-8596-C24154370AB0}.Build|x86.ActiveCfg = Release|x86
		{80056F27-4283-4DBA-8596-C24154370AB0}.Build|x86.Build.0 = Release|x86
		{80056F27-4283-4DBA-8596-C24154370AB0}.Debug|Any CPU.ActiveCfg = Debug|x86
		{80056F27-4283-4DBA-8596-C24154370AB0}.Debug|Mixed Platforms.ActiveCfg = Debug|x86
		{80056F27-4283-4DBA-8596-C24154370AB0}.Debug|Mixed Platforms.Build.0 = Debug|x86
		{80056F27-4283-4DBA-8596-C24154370AB0}.Debug|x86.ActiveCfg = Debug|x86
		{80056F27-4283-4DBA-8596-C24154370AB0}.Debug|x86.Build.0 = Debug|x86
		{80056F27-4283-4DBA-8596-C24154370AB0}.Oracle_Debug|Any CPU.ActiveCfg = Debug|x86
		{80056F27-4283-4DBA-8596-C24154370AB0}.Oracle_Debug|Mixed Platforms.ActiveCfg = Debug|x86
		{80056F27-4283-4DBA-8596-C24154370AB0}.Oracle_Debug|Mixed Platforms.Build.0 = Debug|x86
		{80056F27-4283-4DBA-8596-C24154370AB0}.Oracle_Debug|x86.ActiveCfg = Debug|x86
		{80056F27-4283-4DBA-8596-C24154370AB0}.Oracle_Debug|x86.Build.0 = Debug|x86
		{80056F27-4283-4DBA-8596-C24154370AB0}.Release|Any CPU.ActiveCfg = Release|x86
		{80056F27-4283-4DBA-8596-C24154370AB0}.Release|Mixed Platforms.ActiveCfg = Release|x86
		{80056F27-4283-4DBA-8596-C24154370AB0}.Release|Mixed Platforms.Build.0 = Release|x86
		{80056F27-4283-4DBA-8596-C24154370AB0}.Release|x86.ActiveCfg = Release|x86
		{80056F27-4283-4DBA-8596-C24154370AB0}.Release|x86.Build.0 = Release|x86
		{80056F27-4283-4DBA-8596-C24154370AB0}.Tencent|Any CPU.ActiveCfg = Release|x86
		{80056F27-4283-4DBA-8596-C24154370AB0}.Tencent|Mixed Platforms.ActiveCfg = Release|x86
		{80056F27-4283-4DBA-8596-C24154370AB0}.Tencent|Mixed Platforms.Build.0 = Release|x86
		{80056F27-4283-4DBA-8596-C24154370AB0}.Tencent|x86.ActiveCfg = Release|x86
		{80056F27-4283-4DBA-8596-C24154370AB0}.Tencent|x86.Build.0 = Release|x86
	EndGlobalSection
	GlobalSection(SolutionProperties) = preSolution
		HideSolutionNode = FALSE
	EndGlobalSection
	GlobalSection(NestedProjects) = preSolution
		{77187AAE-B09D-4B79-A741-62B448A4BA72} = {C92B15CF-9D0A-4F89-92D9-729A2CF304DA}
		{9A3D4F04-1FBC-40AE-87DD-DD242F145D74} = {C92B15CF-9D0A-4F89-92D9-729A2CF304DA}
		{FD3A3D7C-4159-483E-BF13-464CAD115987} = {C92B15CF-9D0A-4F89-92D9-729A2CF304DA}
		{00E9AA05-9155-4919-AC4C-1095D01C688A} = {C92B15CF-9D0A-4F89-92D9-729A2CF304DA}
		{80056F27-4283-4DBA-8596-C24154370AB0} = {C92B15CF-9D0A-4F89-92D9-729A2CF304DA}
		{68C0EC8C-CE8C-4E36-9F1D-556E0A8C4300} = {907B0885-8877-4597-8314-EB27F0C6BF38}
		{12936F82-5E31-42B6-922E-276BE6B9FBD8} = {907B0885-8877-4597-8314-EB27F0C6BF38}
		{D520D53C-4F00-47D1-BCEB-E34A4C4144F3} = {907B0885-8877-4597-8314-EB27F0C6BF38}
		{57C8D966-336F-4099-A8C9-C81132BF49AA} = {907B0885-8877-4597-8314-EB27F0C6BF38}
		{97E0C0C0-2E94-4551-B661-FB3775F17233} = {907B0885-8877-4597-8314-EB27F0C6BF38}
		{773C489F-D105-4095-B6F9-2D29B2D049DC} = {907B0885-8877-4597-8314-EB27F0C6BF38}
		{FBE7BAE4-1BF0-48F0-840E-35E3841FDB85} = {213A6D01-6E87-4BD9-9714-15D9E36196EA}
		{433A5251-66B6-43A5-BDFB-61E8A0992168} = {213A6D01-6E87-4BD9-9714-15D9E36196EA}
		{4F5E1E9B-AA50-418B-8414-3D5FC235EF54} = {213A6D01-6E87-4BD9-9714-15D9E36196EA}
		{35E4E523-FA00-41B3-898C-4463EF4399F7} = {E1511845-229D-47E6-AD50-A1965763DD18}
		{0F204B46-4A8E-43FF-B0AB-9A4C91C180F7} = {E1511845-229D-47E6-AD50-A1965763DD18}
	EndGlobalSection
EndGlobal
